
Microsoft Visual Studio Solution File, Format Version 12.00
Project("{FAE04EC0-301F-11D3-BF4B-00C04F79EFBC}") = "SparkToCode", "SparkToCode\SparkToCode.csproj", "{656AC71C-A602-4AA4-94AC-E73AE4980A13}"
EndProject
Project("{FAE04EC0-301F-11D3-BF4B-00C04F79EFBC}") = "Task1", "Task1\Task1.csproj", "{7E0BB6E4-5B8C-46E0-B10A-BBA0B8044FDA}"
EndProject
Project("{FAE04EC0-301F-11D3-BF4B-00C04F79EFBC}") = "Task2", "Task2\Task2.csproj", "{F62DC517-E00E-43D3-B460-5937152FF133}"
EndProject
Project("{FAE04EC0-301F-11D3-BF4B-00C04F79EFBC}") = "Task3", "Task3\Task3.csproj", "{D93F73DA-0315-4B09-BEDE-03151B8FC587}"
EndProject
Project("{FAE04EC0-301F-11D3-BF4B-00C04F79EFBC}") = "Task4", "Task4\Task4.csproj", "{D1E48517-2900-476E-AC1F-EF254E6109BC}"
EndProject
Project("{FAE04EC0-301F-11D3-BF4B-00C04F79EFBC}") = "Task5", "Task5\Task5.csproj", "{47771EAA-2D23-4886-8F57-6CD50BCC3F64}"
EndProject
Project("{FAE04EC0-301F-11D3-BF4B-00C04F79EFBC}") = "SparkBank", "SparkBank\SparkBank.csproj", "{30A040E8-7650-4599-AFE1-9A15CC95B33B}"
EndProject
Project("{FAE04EC0-301F-11D3-BF4B-00C04F79EFBC}") = "Tas6", "Tas6\Tas6.csproj", "{65E6139E-BF7F-4DE7-A555-A90E8D71EED4}"
EndProject
Project("{FAE04EC0-301F-11D3-BF4B-00C04F79EFBC}") = "Task7-HotelManagementSystem", "Task7-HotelManagementSystem\Task7-HotelManagementSystem.csproj", "{8C5AACBC-0F84-469D-B81E-683D75633A95}"
EndProject
Project("{FAE04EC0-301F-11D3-BF4B-00C04F79EFBC}") = "MovieCollectionEFCore", "MovieCollectionEFCore\MovieCollectionEFCore.csproj", "{1B1B19DD-1031-4996-8365-FEF1EDF243A0}"
EndProject
Global
	GlobalSection(SolutionConfigurationPlatforms) = preSolution
		Debug|Any CPU = Debug|Any CPU
		Release|Any CPU = Release|Any CPU
	EndGlobalSection
	GlobalSection(ProjectConfigurationPlatforms) = postSolution
		{656AC71C-A602-4AA4-94AC-E73AE4980A13}.Debug|Any CPU.ActiveCfg = Debug|Any CPU
		{656AC71C-A602-4AA4-94AC-E73AE4980A13}.Debug|Any CPU.Build.0 = Debug|Any CPU
		{656AC71C-A602-4AA4-94AC-E73AE4980A13}.Release|Any CPU.ActiveCfg = Release|Any CPU
		{656AC71C-A602-4AA4-94AC-E73AE4980A13}.Release|Any CPU.Build.0 = Release|Any CPU
		{7E0BB6E4-5B8C-46E0-B10A-BBA0B8044FDA}.Debug|Any CPU.ActiveCfg = Debug|Any CPU
		{7E0BB6E4-5B8C-46E0-B10A-BBA0B8044FDA}.Debug|Any CPU.Build.0 = Debug|Any CPU
		{7E0BB6E4-5B8C-46E0-B10A-BBA0B8044FDA}.Release|Any CPU.ActiveCfg = Release|Any CPU
		{7E0BB6E4-5B8C-46E0-B10A-BBA0B8044FDA}.Release|Any CPU.Build.0 = Release|Any CPU
		{F62DC517-E00E-43D3-B460-5937152FF133}.Debug|Any CPU.ActiveCfg = Debug|Any CPU
		{F62DC517-E00E-43D3-B460-5937152FF133}.Debug|Any CPU.Build.0 = Debug|Any CPU
		{F62DC517-E00E-43D3-B460-5937152FF133}.Release|Any CPU.ActiveCfg = Release|Any CPU
		{F62DC517-E00E-43D3-B460-5937152FF133}.Release|Any CPU.Build.0 = Release|Any CPU
		{D93F73DA-0315-4B09-BEDE-03151B8FC587}.Debug|Any CPU.ActiveCfg = Debug|Any CPU
		{D93F73DA-0315-4B09-BEDE-03151B8FC587}.Debug|Any CPU.Build.0 = Debug|Any CPU
		{D93F73DA-0315-4B09-BEDE-03151B8FC587}.Release|Any CPU.ActiveCfg = Release|Any CPU
		{D93F73DA-0315-4B09-BEDE-03151B8FC587}.Release|Any CPU.Build.0 = Release|Any CPU
		{D1E48517-2900-476E-AC1F-EF254E6109BC}.Debug|Any CPU.ActiveCfg = Debug|Any CPU
		{D1E48517-2900-476E-AC1F-EF254E6109BC}.Debug|Any CPU.Build.0 = Debug|Any CPU
		{D1E48517-2900-476E-AC1F-EF254E6109BC}.Release|Any CPU.ActiveCfg = Release|Any CPU
		{D1E48517-2900-476E-AC1F-EF254E6109BC}.Release|Any CPU.Build.0 = Release|Any CPU
		{47771EAA-2D23-4886-8F57-6CD50BCC3F64}.Debug|Any CPU.ActiveCfg = Debug|Any CPU
		{47771EAA-2D23-4886-8F57-6CD50BCC3F64}.Debug|Any CPU.Build.0 = Debug|Any CPU
		{47771EAA-2D23-4886-8F57-6CD50BCC3F64}.Release|Any CPU.ActiveCfg = Release|Any CPU
		{47771EAA-2D23-4886-8F57-6CD50BCC3F64}.Release|Any CPU.Build.0 = Release|Any CPU
		{30A040E8-7650-4599-AFE1-9A15CC95B33B}.Debug|Any CPU.ActiveCfg = Debug|Any CPU
		{30A040E8-7650-4599-AFE1-9A15CC95B33B}.Debug|Any CPU.Build.0 = Debug|Any CPU
		{30A040E8-7650-4599-AFE1-9A15CC95B33B}.Release|Any CPU.ActiveCfg = Release|Any CPU
		{30A040E8-7650-4599-AFE1-9A15CC95B33B}.Release|Any CPU.Build.0 = Release|Any CPU
		{65E6139E-BF7F-4DE7-A555-A90E8D71EED4}.Debug|Any CPU.ActiveCfg = Debug|Any CPU
		{65E6139E-BF7F-4DE7-A555-A90E8D71EED4}.Debug|Any CPU.Build.0 = Debug|Any CPU
		{65E6139E-BF7F-4DE7-A555-A90E8D71EED4}.Release|Any CPU.ActiveCfg = Release|Any CPU
		{65E6139E-BF7F-4DE7-A555-A90E8D71EED4}.Release|Any CPU.Build.0 = Release|Any CPU
		{8C5AACBC-0F84-469D-B81E-683D75633A95}.Debug|Any CPU.ActiveCfg = Debug|Any CPU
		{8C5AACBC-0F84-469D-B81E-683D75633A95}.Debug|Any CPU.Build.0 = Debug|Any CPU
		{8C5AACBC-0F84-469D-B81E-683D75633A95}.Release|Any CPU.ActiveCfg = Release|Any CPU
		{8C5AACBC-0F84-469D-B81E-683D75633A95}.Release|Any CPU.Build.0 = Release|Any CPU
		{1B1B19DD-1031-4996-8365-FEF1EDF243A0}.Debug|Any CPU.ActiveCfg = Debug|Any CPU
		{1B1B19DD-1031-4996-8365-FEF1EDF243A0}.Debug|Any CPU.Build.0 = Debug|Any CPU
		{1B1B19DD-1031-4996-8365-FEF1EDF243A0}.Release|Any CPU.ActiveCfg = Release|Any CPU
		{1B1B19DD-1031-4996-8365-FEF1EDF243A0}.Release|Any CPU.Build.0 = Release|Any CPU
	EndGlobalSection
EndGlobal
