
Microsoft Visual Studio Solution File, Format Version 12.00
Project("{FAE04EC0-301F-11D3-BF4B-00C04F79EFBC}") = "SparkToCode", "SparkToCode\SparkToCode.csproj", "{656AC71C-A602-4AA4-94AC-E73AE4980A13}"
EndProject
Project("{FAE04EC0-301F-11D3-BF4B-00C04F79EFBC}") = "Task1", "Task1\Task1.csproj", "{7E0BB6E4-5B8C-46E0-B10A-BBA0B8044FDA}"
EndProject
Project("{FAE04EC0-301F-11D3-BF4B-00C04F79EFBC}") = "Task2", "Task2\Task2.csproj", "{F62DC517-E00E-43D3-B460-5937152FF133}"
EndProject
Project("{FAE04EC0-301F-11D3-BF4B-00C04F79EFBC}") = "Task3", "Task3\Task3.csproj", "{D93F73DA-0315-4B09-BEDE-03151B8FC587}"
EndProject
Project("{FAE04EC0-301F-11D3-BF4B-00C04F79EFBC}") = "Task4", "Task4\Task4.csproj", "{D1E48517-2900-476E-AC1F-EF254E6109BC}"
EndProject
Global
	GlobalSection(SolutionConfigurationPlatforms) = preSolution
		Debug|Any CPU = Debug|Any CPU
		Release|Any CPU = Release|Any CPU
	EndGlobalSection
	GlobalSection(ProjectConfigurationPlatforms) = postSolution
		{656AC71C-A602-4AA4-94AC-E73AE4980A13}.Debug|Any CPU.ActiveCfg = Debug|Any CPU
		{656AC71C-A602-4AA4-94AC-E73AE4980A13}.Debug|Any CPU.Build.0 = Debug|Any CPU
		{656AC71C-A602-4AA4-94AC-E73AE4980A13}.Release|Any CPU.ActiveCfg = Release|Any CPU
		{656AC71C-A602-4AA4-94AC-E73AE4980A13}.Release|Any CPU.Build.0 = Release|Any CPU
		{7E0BB6E4-5B8C-46E0-B10A-BBA0B8044FDA}.Debug|Any CPU.ActiveCfg = Debug|Any CPU
		{7E0BB6E4-5B8C-46E0-B10A-BBA0B8044FDA}.Debug|Any CPU.Build.0 = Debug|Any CPU
		{7E0BB6E4-5B8C-46E0-B10A-BBA0B8044FDA}.Release|Any CPU.ActiveCfg = Release|Any CPU
		{7E0BB6E4-5B8C-46E0-B10A-BBA0B8044FDA}.Release|Any CPU.Build.0 = Release|Any CPU
		{F62DC517-E00E-43D3-B460-5937152FF133}.Debug|Any CPU.ActiveCfg = Debug|Any CPU
		{F62DC517-E00E-43D3-B460-5937152FF133}.Debug|Any CPU.Build.0 = Debug|Any CPU
		{F62DC517-E00E-43D3-B460-5937152FF133}.Release|Any CPU.ActiveCfg = Release|Any CPU
		{F62DC517-E00E-43D3-B460-5937152FF133}.Release|Any CPU.Build.0 = Release|Any CPU
		{D93F73DA-0315-4B09-BEDE-03151B8FC587}.Debug|Any CPU.ActiveCfg = Debug|Any CPU
		{D93F73DA-0315-4B09-BEDE-03151B8FC587}.Debug|Any CPU.Build.0 = Debug|Any CPU
		{D93F73DA-0315-4B09-BEDE-03151B8FC587}.Release|Any CPU.ActiveCfg = Release|Any CPU
		{D93F73DA-0315-4B09-BEDE-03151B8FC587}.Release|Any CPU.Build.0 = Release|Any CPU
		{D1E48517-2900-476E-AC1F-EF254E6109BC}.Debug|Any CPU.ActiveCfg = Debug|Any CPU
		{D1E48517-2900-476E-AC1F-EF254E6109BC}.Debug|Any CPU.Build.0 = Debug|Any CPU
		{D1E48517-2900-476E-AC1F-EF254E6109BC}.Release|Any CPU.ActiveCfg = Release|Any CPU
		{D1E48517-2900-476E-AC1F-EF254E6109BC}.Release|Any CPU.Build.0 = Release|Any CPU
	EndGlobalSection
EndGlobal
